
Microsoft Visual Studio Solution File, Format Version 12.00
# Visual Studio Version 16
VisualStudioVersion = 16.0.30320.27
MinimumVisualStudioVersion = 10.0.40219.1
Project("{FAE04EC0-301F-11D3-BF4B-00C04F79EFBC}") = "ap", "ap\ap\ap.csproj", "{E2C07AB5-81A7-4ADD-8A88-8FF34268869C}"
EndProject
Project("{FAE04EC0-301F-11D3-BF4B-00C04F79EFBC}") = "DAL", "ap\DAL\DAL.csproj", "{04EC8CE7-313D-4A93-834E-534A698B78DD}"
EndProject
Global
	GlobalSection(SolutionConfigurationPlatforms) = preSolution
		Debug|Any CPU = Debug|Any CPU
		Release|Any CPU = Release|Any CPU
	EndGlobalSection
	GlobalSection(ProjectConfigurationPlatforms) = postSolution
		{E2C07AB5-81A7-4ADD-8A88-8FF34268869C}.Debug|Any CPU.ActiveCfg = Debug|Any CPU
		{E2C07AB5-81A7-4ADD-8A88-8FF34268869C}.Debug|Any CPU.Build.0 = Debug|Any CPU
		{E2C07AB5-81A7-4ADD-8A88-8FF34268869C}.Release|Any CPU.ActiveCfg = Release|Any CPU
		{E2C07AB5-81A7-4ADD-8A88-8FF34268869C}.Release|Any CPU.Build.0 = Release|Any CPU
		{04EC8CE7-313D-4A93-834E-534A698B78DD}.Debug|Any CPU.ActiveCfg = Debug|Any CPU
		{04EC8CE7-313D-4A93-834E-534A698B78DD}.Debug|Any CPU.Build.0 = Debug|Any CPU
		{04EC8CE7-313D-4A93-834E-534A698B78DD}.Release|Any CPU.ActiveCfg = Release|Any CPU
		{04EC8CE7-313D-4A93-834E-534A698B78DD}.Release|Any CPU.Build.0 = Release|Any CPU
	EndGlobalSection
	GlobalSection(SolutionProperties) = preSolution
		HideSolutionNode = FALSE
	EndGlobalSection
	GlobalSection(ExtensibilityGlobals) = postSolution
		SolutionGuid = {00E5B5E8-7BAE-4ADF-9C4B-078D6F33CA45}
	EndGlobalSection
EndGlobal
